
Microsoft Visual Studio Solution File, Format Version 12.00
# Visual Studio 14
VisualStudioVersion = 14.0.23107.0
MinimumVisualStudioVersion = 10.0.40219.1
Project("{2150E333-8FDC-42A3-9474-1A3956D46DE8}") = "Server", "Server", "{770FEFA3-DF90-4025-B5CB-61E8813110F6}"
EndProject
Project("{FAE04EC0-301F-11D3-BF4B-00C04F79EFBC}") = "PetStore.Api", "Server\PetStore.Api\PetStore.Api.csproj", "{6A4F650F-4A0F-4FD8-BCDE-3420E6AA0316}"
EndProject
Project("{2150E333-8FDC-42A3-9474-1A3956D46DE8}") = "Data", "Data", "{78EC7B81-FCB2-4B94-A633-2A6C0FA665B6}"
EndProject
Project("{FAE04EC0-301F-11D3-BF4B-00C04F79EFBC}") = "PetStore.Models", "Data\PetStore.Models\PetStore.Models.csproj", "{89A9B1A3-1266-4731-8E5D-9245C9B118DB}"
EndProject
Project("{FAE04EC0-301F-11D3-BF4B-00C04F79EFBC}") = "PetStore.Data", "Data\PetStore.Data\PetStore.Data.csproj", "{CBAC1DC3-FBFF-493F-A2BD-903B263B693B}"
EndProject
Project("{2150E333-8FDC-42A3-9474-1A3956D46DE8}") = "GoogleDrive", "GoogleDrive", "{696F3656-EE0C-4F7F-A1C6-D1334863CD35}"
EndProject
Project("{FAE04EC0-301F-11D3-BF4B-00C04F79EFBC}") = "GoogleDrive.Api", "GoogleDrive\GoogleDrive.Api\GoogleDrive.Api.csproj", "{6EF6993E-11A9-4BC3-B6E1-1FCCFEC26C97}"
EndProject
Project("{FAE04EC0-301F-11D3-BF4B-00C04F79EFBC}") = "GoogleDrive.Validation", "GoogleDrive.Validation\GoogleDrive.Validation.csproj", "{6210CB44-7341-486D-96F2-03DA57791B12}"
EndProject
Project("{2150E333-8FDC-42A3-9474-1A3956D46DE8}") = "Services", "Services", "{16049E24-BF2A-40EF-AA80-64270873A2E9}"
EndProject
Project("{FAE04EC0-301F-11D3-BF4B-00C04F79EFBC}") = "PetStore.Services.Data", "Services\PetStore.Services.Data\PetStore.Services.Data.csproj", "{F730B0A1-66ED-4AE4-B59C-4FD7E6928145}"
EndProject
Project("{FAE04EC0-301F-11D3-BF4B-00C04F79EFBC}") = "PetsShop.Tests", "Tests\PetsShop.Tests\PetsShop.Tests.csproj", "{2096B0DA-0580-404E-B631-A083A742C800}"
EndProject
Project("{2150E333-8FDC-42A3-9474-1A3956D46DE8}") = "Tests", "Tests", "{D22D7736-326A-49C8-94B5-6C2143155DB5}"
EndProject
Global
	GlobalSection(SolutionConfigurationPlatforms) = preSolution
		Debug|Any CPU = Debug|Any CPU
		Release|Any CPU = Release|Any CPU
	EndGlobalSection
	GlobalSection(ProjectConfigurationPlatforms) = postSolution
		{6A4F650F-4A0F-4FD8-BCDE-3420E6AA0316}.Debug|Any CPU.ActiveCfg = Debug|Any CPU
		{6A4F650F-4A0F-4FD8-BCDE-3420E6AA0316}.Debug|Any CPU.Build.0 = Debug|Any CPU
		{6A4F650F-4A0F-4FD8-BCDE-3420E6AA0316}.Release|Any CPU.ActiveCfg = Release|Any CPU
		{6A4F650F-4A0F-4FD8-BCDE-3420E6AA0316}.Release|Any CPU.Build.0 = Release|Any CPU
		{89A9B1A3-1266-4731-8E5D-9245C9B118DB}.Debug|Any CPU.ActiveCfg = Debug|Any CPU
		{89A9B1A3-1266-4731-8E5D-9245C9B118DB}.Debug|Any CPU.Build.0 = Debug|Any CPU
		{89A9B1A3-1266-4731-8E5D-9245C9B118DB}.Release|Any CPU.ActiveCfg = Release|Any CPU
		{89A9B1A3-1266-4731-8E5D-9245C9B118DB}.Release|Any CPU.Build.0 = Release|Any CPU
		{CBAC1DC3-FBFF-493F-A2BD-903B263B693B}.Debug|Any CPU.ActiveCfg = Debug|Any CPU
		{CBAC1DC3-FBFF-493F-A2BD-903B263B693B}.Debug|Any CPU.Build.0 = Debug|Any CPU
		{CBAC1DC3-FBFF-493F-A2BD-903B263B693B}.Release|Any CPU.ActiveCfg = Release|Any CPU
		{CBAC1DC3-FBFF-493F-A2BD-903B263B693B}.Release|Any CPU.Build.0 = Release|Any CPU
		{6EF6993E-11A9-4BC3-B6E1-1FCCFEC26C97}.Debug|Any CPU.ActiveCfg = Debug|Any CPU
		{6EF6993E-11A9-4BC3-B6E1-1FCCFEC26C97}.Debug|Any CPU.Build.0 = Debug|Any CPU
		{6EF6993E-11A9-4BC3-B6E1-1FCCFEC26C97}.Release|Any CPU.ActiveCfg = Release|Any CPU
		{6EF6993E-11A9-4BC3-B6E1-1FCCFEC26C97}.Release|Any CPU.Build.0 = Release|Any CPU
		{6210CB44-7341-486D-96F2-03DA57791B12}.Debug|Any CPU.ActiveCfg = Debug|Any CPU
		{6210CB44-7341-486D-96F2-03DA57791B12}.Debug|Any CPU.Build.0 = Debug|Any CPU
		{6210CB44-7341-486D-96F2-03DA57791B12}.Release|Any CPU.ActiveCfg = Release|Any CPU
		{6210CB44-7341-486D-96F2-03DA57791B12}.Release|Any CPU.Build.0 = Release|Any CPU
		{F730B0A1-66ED-4AE4-B59C-4FD7E6928145}.Debug|Any CPU.ActiveCfg = Debug|Any CPU
		{F730B0A1-66ED-4AE4-B59C-4FD7E6928145}.Debug|Any CPU.Build.0 = Debug|Any CPU
		{F730B0A1-66ED-4AE4-B59C-4FD7E6928145}.Release|Any CPU.ActiveCfg = Release|Any CPU
		{F730B0A1-66ED-4AE4-B59C-4FD7E6928145}.Release|Any CPU.Build.0 = Release|Any CPU
		{2096B0DA-0580-404E-B631-A083A742C800}.Debug|Any CPU.ActiveCfg = Debug|Any CPU
		{2096B0DA-0580-404E-B631-A083A742C800}.Debug|Any CPU.Build.0 = Debug|Any CPU
		{2096B0DA-0580-404E-B631-A083A742C800}.Release|Any CPU.ActiveCfg = Release|Any CPU
		{2096B0DA-0580-404E-B631-A083A742C800}.Release|Any CPU.Build.0 = Release|Any CPU
	EndGlobalSection
	GlobalSection(SolutionProperties) = preSolution
		HideSolutionNode = FALSE
	EndGlobalSection
	GlobalSection(NestedProjects) = preSolution
		{6A4F650F-4A0F-4FD8-BCDE-3420E6AA0316} = {770FEFA3-DF90-4025-B5CB-61E8813110F6}
		{89A9B1A3-1266-4731-8E5D-9245C9B118DB} = {78EC7B81-FCB2-4B94-A633-2A6C0FA665B6}
		{CBAC1DC3-FBFF-493F-A2BD-903B263B693B} = {78EC7B81-FCB2-4B94-A633-2A6C0FA665B6}
		{6EF6993E-11A9-4BC3-B6E1-1FCCFEC26C97} = {696F3656-EE0C-4F7F-A1C6-D1334863CD35}
		{6210CB44-7341-486D-96F2-03DA57791B12} = {696F3656-EE0C-4F7F-A1C6-D1334863CD35}
		{F730B0A1-66ED-4AE4-B59C-4FD7E6928145} = {16049E24-BF2A-40EF-AA80-64270873A2E9}
		{2096B0DA-0580-404E-B631-A083A742C800} = {D22D7736-326A-49C8-94B5-6C2143155DB5}
	EndGlobalSection
EndGlobal
